
Microsoft Visual Studio Solution File, Format Version 12.00
# Visual Studio Version 17
VisualStudioVersion = 17.3.32922.545
MinimumVisualStudioVersion = 10.0.40219.1
Project("{FAE04EC0-301F-11D3-BF4B-00C04F79EFBC}") = "bts1", "bts1\bts1.csproj", "{933341A7-840A-4359-AFD4-F35A8580DE1A}"
EndProject
Global
	GlobalSection(SolutionConfigurationPlatforms) = preSolution
		Debug|Any CPU = Debug|Any CPU
		Release|Any CPU = Release|Any CPU
	EndGlobalSection
	GlobalSection(ProjectConfigurationPlatforms) = postSolution
		{933341A7-840A-4359-AFD4-F35A8580DE1A}.Debug|Any CPU.ActiveCfg = Debug|Any CPU
		{933341A7-840A-4359-AFD4-F35A8580DE1A}.Debug|Any CPU.Build.0 = Debug|Any CPU
		{933341A7-840A-4359-AFD4-F35A8580DE1A}.Release|Any CPU.ActiveCfg = Release|Any CPU
		{933341A7-840A-4359-AFD4-F35A8580DE1A}.Release|Any CPU.Build.0 = Release|Any CPU
	EndGlobalSection
	GlobalSection(SolutionProperties) = preSolution
		HideSolutionNode = FALSE
	EndGlobalSection
	GlobalSection(ExtensibilityGlobals) = postSolution
		SolutionGuid = {D48A9C4E-7EBB-4AF6-A71B-3EC49A50E8CE}
	EndGlobalSection
EndGlobal
